
Microsoft Visual Studio Solution File, Format Version 12.00
# Visual Studio Version 17
VisualStudioVersion = 17.4.33110.190
MinimumVisualStudioVersion = 10.0.40219.1
Project("{FAE04EC0-301F-11D3-BF4B-00C04F79EFBC}") = "ProjectManagement", "ProjectManagement\ProjectManagement.csproj", "{C0AF0648-D7C2-4604-8507-A4A75C17F227}"
EndProject
Global
	GlobalSection(SolutionConfigurationPlatforms) = preSolution
		Debug|Any CPU = Debug|Any CPU
		Release|Any CPU = Release|Any CPU
	EndGlobalSection
	GlobalSection(ProjectConfigurationPlatforms) = postSolution
		{C0AF0648-D7C2-4604-8507-A4A75C17F227}.Debug|Any CPU.ActiveCfg = Debug|Any CPU
		{C0AF0648-D7C2-4604-8507-A4A75C17F227}.Debug|Any CPU.Build.0 = Debug|Any CPU
		{C0AF0648-D7C2-4604-8507-A4A75C17F227}.Release|Any CPU.ActiveCfg = Release|Any CPU
		{C0AF0648-D7C2-4604-8507-A4A75C17F227}.Release|Any CPU.Build.0 = Release|Any CPU
	EndGlobalSection
	GlobalSection(SolutionProperties) = preSolution
		HideSolutionNode = FALSE
	EndGlobalSection
	GlobalSection(ExtensibilityGlobals) = postSolution
		SolutionGuid = {C643FE68-18FB-4CFA-99F7-ADAFFF2CD91E}
	EndGlobalSection
EndGlobal
